
Microsoft Visual Studio Solution File, Format Version 12.00
# Visual Studio Version 16
VisualStudioVersion = 16.0.29306.81
MinimumVisualStudioVersion = 10.0.40219.1
Project("{FAE04EC0-301F-11D3-BF4B-00C04F79EFBC}") = "ProductsApp", "ProductsApp\ProductsApp.csproj", "{BA073887-3154-49E9-89DA-EA55021EE94A}"
EndProject
Global
	GlobalSection(SolutionConfigurationPlatforms) = preSolution
		Debug|Any CPU = Debug|Any CPU
		Release|Any CPU = Release|Any CPU
	EndGlobalSection
	GlobalSection(ProjectConfigurationPlatforms) = postSolution
		{BA073887-3154-49E9-89DA-EA55021EE94A}.Debug|Any CPU.ActiveCfg = Debug|Any CPU
		{BA073887-3154-49E9-89DA-EA55021EE94A}.Debug|Any CPU.Build.0 = Debug|Any CPU
		{BA073887-3154-49E9-89DA-EA55021EE94A}.Release|Any CPU.ActiveCfg = Release|Any CPU
		{BA073887-3154-49E9-89DA-EA55021EE94A}.Release|Any CPU.Build.0 = Release|Any CPU
	EndGlobalSection
	GlobalSection(SolutionProperties) = preSolution
		HideSolutionNode = FALSE
	EndGlobalSection
	GlobalSection(ExtensibilityGlobals) = postSolution
		SolutionGuid = {FB3C453A-0BA8-4351-B15C-7A99F599174A}
	EndGlobalSection
EndGlobal
