
Microsoft Visual Studio Solution File, Format Version 12.00
# Visual Studio Version 16
VisualStudioVersion = 16.0.29306.81
MinimumVisualStudioVersion = 10.0.40219.1
Project("{FAE04EC0-301F-11D3-BF4B-00C04F79EFBC}") = "ProductsApp", "ProductsApp\ProductsApp.csproj", "{F9B2631C-160C-43BB-BF84-5620580DA80C}"
EndProject
Project("{FAE04EC0-301F-11D3-BF4B-00C04F79EFBC}") = "BookService", "BookService\BookService.csproj", "{AF46BB31-E79F-4E84-906F-6F9CE9953B39}"
EndProject
Project("{FAE04EC0-301F-11D3-BF4B-00C04F79EFBC}") = "GeekQuiz", "GeekQuiz\GeekQuiz.csproj", "{E4D5B612-ECEF-4EAE-A3EA-8C3CD94CA32A}"
EndProject
Project("{FAE04EC0-301F-11D3-BF4B-00C04F79EFBC}") = "Videos", "Videos\Videos.csproj", "{08319E01-8C2E-48B7-95B6-FAB87D6D42FD}"
EndProject
Global
	GlobalSection(SolutionConfigurationPlatforms) = preSolution
		Debug|Any CPU = Debug|Any CPU
		Release|Any CPU = Release|Any CPU
	EndGlobalSection
	GlobalSection(ProjectConfigurationPlatforms) = postSolution
		{F9B2631C-160C-43BB-BF84-5620580DA80C}.Debug|Any CPU.ActiveCfg = Debug|Any CPU
		{F9B2631C-160C-43BB-BF84-5620580DA80C}.Debug|Any CPU.Build.0 = Debug|Any CPU
		{F9B2631C-160C-43BB-BF84-5620580DA80C}.Release|Any CPU.ActiveCfg = Release|Any CPU
		{F9B2631C-160C-43BB-BF84-5620580DA80C}.Release|Any CPU.Build.0 = Release|Any CPU
		{AF46BB31-E79F-4E84-906F-6F9CE9953B39}.Debug|Any CPU.ActiveCfg = Debug|Any CPU
		{AF46BB31-E79F-4E84-906F-6F9CE9953B39}.Debug|Any CPU.Build.0 = Debug|Any CPU
		{AF46BB31-E79F-4E84-906F-6F9CE9953B39}.Release|Any CPU.ActiveCfg = Release|Any CPU
		{AF46BB31-E79F-4E84-906F-6F9CE9953B39}.Release|Any CPU.Build.0 = Release|Any CPU
		{E4D5B612-ECEF-4EAE-A3EA-8C3CD94CA32A}.Debug|Any CPU.ActiveCfg = Debug|Any CPU
		{E4D5B612-ECEF-4EAE-A3EA-8C3CD94CA32A}.Debug|Any CPU.Build.0 = Debug|Any CPU
		{E4D5B612-ECEF-4EAE-A3EA-8C3CD94CA32A}.Release|Any CPU.ActiveCfg = Release|Any CPU
		{E4D5B612-ECEF-4EAE-A3EA-8C3CD94CA32A}.Release|Any CPU.Build.0 = Release|Any CPU
		{08319E01-8C2E-48B7-95B6-FAB87D6D42FD}.Debug|Any CPU.ActiveCfg = Debug|Any CPU
		{08319E01-8C2E-48B7-95B6-FAB87D6D42FD}.Debug|Any CPU.Build.0 = Debug|Any CPU
		{08319E01-8C2E-48B7-95B6-FAB87D6D42FD}.Release|Any CPU.ActiveCfg = Release|Any CPU
		{08319E01-8C2E-48B7-95B6-FAB87D6D42FD}.Release|Any CPU.Build.0 = Release|Any CPU
	EndGlobalSection
	GlobalSection(SolutionProperties) = preSolution
		HideSolutionNode = FALSE
	EndGlobalSection
	GlobalSection(ExtensibilityGlobals) = postSolution
		SolutionGuid = {FB3C453A-0BA8-4351-B15C-7A99F599174A}
	EndGlobalSection
EndGlobal
